
Microsoft Visual Studio Solution File, Format Version 12.00
# Visual Studio Version 17
VisualStudioVersion = 17.14.37531.7 d17.14
MinimumVisualStudioVersion = 10.0.40219.1
Project("{FAE04EC0-301F-11D3-BF4B-00C04F79EFBC}") = "ThienThaiShop", "ThienThaiShop.csproj", "{0E3C22A9-C897-472C-AEFC-A7C8F93EFE48}"
EndProject
Global
	GlobalSection(SolutionConfigurationPlatforms) = preSolution
		Debug|Any CPU = Debug|Any CPU
		Release|Any CPU = Release|Any CPU
	EndGlobalSection
	GlobalSection(ProjectConfigurationPlatforms) = postSolution
		{0E3C22A9-C897-472C-AEFC-A7C8F93EFE48}.Debug|Any CPU.ActiveCfg = Debug|Any CPU
		{0E3C22A9-C897-472C-AEFC-A7C8F93EFE48}.Debug|Any CPU.Build.0 = Debug|Any CPU
		{0E3C22A9-C897-472C-AEFC-A7C8F93EFE48}.Release|Any CPU.ActiveCfg = Release|Any CPU
		{0E3C22A9-C897-472C-AEFC-A7C8F93EFE48}.Release|Any CPU.Build.0 = Release|Any CPU
	EndGlobalSection
	GlobalSection(SolutionProperties) = preSolution
		HideSolutionNode = FALSE
	EndGlobalSection
	GlobalSection(ExtensibilityGlobals) = postSolution
		SolutionGuid = {60728DB0-5DE7-4EDB-844C-E04F13187C0B}
	EndGlobalSection
EndGlobal
